# This file is automatically @generated by Cargo.
# It is not intended for manual editing.
version = 4

[[package]]
name = "magic_custom"
version = "0.1.0"
dependencies = [
 "magical_rs",
]

[[package]]
name = "magical_rs"
version = "0.1.2"
source = "registry+https://github.com/rust-lang/crates.io-index"
checksum = "7ac584c106e65f4f94ca583a9b2f914afd53b6ad6b927ba760506235a76308a6"
